<?xml version="1.0" encoding="UTF-8"?>
<!DOCTYPE plist PUBLIC "-//Apple//DTD PLIST 1.0//EN" "http://www.apple.com/DTDs/PropertyList-1.0.dtd">
<plist version="1.0">
<dict>
	<key>archiveVersion</key>
	<string>1</string>
	<key>classes</key>
	<dict/>
	<key>objectVersion</key>
	<string>46</string>
	<key>objects</key>
	<dict>
		<key>98006AB81C1A1E8D0091E356</key>
		<dict>
			<key>fileEncoding</key>
			<string>4</string>
			<key>isa</key>
			<string>PBXFileReference</string>
			<key>lastKnownFileType</key>
			<string>sourcecode.swift</string>
			<key>path</key>
			<string>TextSettingsViewController.swift</string>
			<key>sourceTree</key>
			<string>&lt;group&gt;</string>
		</dict>
		<key>98006AB91C1A1E8D0091E356</key>
		<dict>
			<key>fileRef</key>
			<string>98006AB81C1A1E8D0091E356</string>
			<key>isa</key>
			<string>PBXBuildFile</string>
		</dict>
		<key>98006ABA1C1A1E960091E356</key>
		<dict>
			<key>fileEncoding</key>
			<string>4</string>
			<key>isa</key>
			<string>PBXFileReference</string>
			<key>lastKnownFileType</key>
			<string>sourcecode.swift</string>
			<key>path</key>
			<string>SettingsViewController.swift</string>
			<key>sourceTree</key>
			<string>&lt;group&gt;</string>
		</dict>
		<key>98006ABB1C1A1E960091E356</key>
		<dict>
			<key>fileRef</key>
			<string>98006ABA1C1A1E960091E356</string>
			<key>isa</key>
			<string>PBXBuildFile</string>
		</dict>
		<key>98006ABE1C1A1EAC0091E356</key>
		<dict>
			<key>fileEncoding</key>
			<string>4</string>
			<key>indentWidth</key>
			<string>3</string>
			<key>isa</key>
			<string>PBXFileReference</string>
			<key>lastKnownFileType</key>
			<string>sourcecode.swift</string>
			<key>path</key>
			<string>PagesTableViewController.swift</string>
			<key>sourceTree</key>
			<string>&lt;group&gt;</string>
		</dict>
		<key>98006ABF1C1A1EAC0091E356</key>
		<dict>
			<key>fileRef</key>
			<string>98006ABE1C1A1EAC0091E356</string>
			<key>isa</key>
			<string>PBXBuildFile</string>
		</dict>
		<key>980A3F321C22B1FC0070C618</key>
		<dict>
			<key>fileEncoding</key>
			<string>4</string>
			<key>isa</key>
			<string>PBXFileReference</string>
			<key>lastKnownFileType</key>
			<string>sourcecode.swift</string>
			<key>path</key>
			<string>ColorPickerViewController.swift</string>
			<key>sourceTree</key>
			<string>&lt;group&gt;</string>
		</dict>
		<key>980A3F331C22B1FC0070C618</key>
		<dict>
			<key>fileRef</key>
			<string>980A3F321C22B1FC0070C618</string>
			<key>isa</key>
			<string>PBXBuildFile</string>
		</dict>
		<key>980A3F341C22B2010070C618</key>
		<dict>
			<key>children</key>
			<array>
				<string>9881D2751C2857DB00A6651A</string>
				<string>98A133DD1C22BB230064D983</string>
				<string>980A3F321C22B1FC0070C618</string>
			</array>
			<key>isa</key>
			<string>PBXGroup</string>
			<key>path</key>
			<string>ColorPicker</string>
			<key>sourceTree</key>
			<string>&lt;group&gt;</string>
		</dict>
		<key>98101BCB1C0A5873001E9555</key>
		<dict>
			<key>children</key>
			<array>
				<string>987F6A1B1C74A79500572C2F</string>
				<string>98312D671C0B65F500F3B1CB</string>
				<string>982FD9EC1C18C92F00058BCF</string>
				<string>982FD9ED1C18C97600058BCF</string>
				<string>98101BCC1C0A58AA001E9555</string>
				<string>98312D681C0B79F200F3B1CB</string>
				<string>98101BCD1C0A58AA001E9555</string>
				<string>98101BD41C0A5945001E9555</string>
				<string>98006ABE1C1A1EAC0091E356</string>
			</array>
			<key>isa</key>
			<string>PBXGroup</string>
			<key>path</key>
			<string>Document</string>
			<key>sourceTree</key>
			<string>&lt;group&gt;</string>
		</dict>
		<key>98101BCC1C0A58AA001E9555</key>
		<dict>
			<key>fileEncoding</key>
			<string>4</string>
			<key>isa</key>
			<string>PBXFileReference</string>
			<key>lastKnownFileType</key>
			<string>file.storyboard</string>
			<key>path</key>
			<string>Document.storyboard</string>
			<key>sourceTree</key>
			<string>&lt;group&gt;</string>
		</dict>
		<key>98101BCD1C0A58AA001E9555</key>
		<dict>
			<key>fileEncoding</key>
			<string>4</string>
			<key>isa</key>
			<string>PBXFileReference</string>
			<key>lastKnownFileType</key>
			<string>sourcecode.swift</string>
			<key>path</key>
			<string>DocumentViewController.swift</string>
			<key>sourceTree</key>
			<string>&lt;group&gt;</string>
		</dict>
		<key>98101BCE1C0A58AA001E9555</key>
		<dict>
			<key>fileEncoding</key>
			<string>4</string>
			<key>isa</key>
			<string>PBXFileReference</string>
			<key>lastKnownFileType</key>
			<string>sourcecode.swift</string>
			<key>path</key>
			<string>PagesOverviewTableViewCell.swift</string>
			<key>sourceTree</key>
			<string>&lt;group&gt;</string>
		</dict>
		<key>98101BCF1C0A58AA001E9555</key>
		<dict>
			<key>fileEncoding</key>
			<string>4</string>
			<key>isa</key>
			<string>PBXFileReference</string>
			<key>lastKnownFileType</key>
			<string>sourcecode.swift</string>
			<key>path</key>
			<string>PagesOverviewTableViewController.swift</string>
			<key>sourceTree</key>
			<string>&lt;group&gt;</string>
		</dict>
		<key>98101BD01C0A58AA001E9555</key>
		<dict>
			<key>fileRef</key>
			<string>98101BCC1C0A58AA001E9555</string>
			<key>isa</key>
			<string>PBXBuildFile</string>
		</dict>
		<key>98101BD11C0A58AA001E9555</key>
		<dict>
			<key>fileRef</key>
			<string>98101BCD1C0A58AA001E9555</string>
			<key>isa</key>
			<string>PBXBuildFile</string>
		</dict>
		<key>98101BD21C0A58AA001E9555</key>
		<dict>
			<key>fileRef</key>
			<string>98101BCE1C0A58AA001E9555</string>
			<key>isa</key>
			<string>PBXBuildFile</string>
		</dict>
		<key>98101BD31C0A58AA001E9555</key>
		<dict>
			<key>fileRef</key>
			<string>98101BCF1C0A58AA001E9555</string>
			<key>isa</key>
			<string>PBXBuildFile</string>
		</dict>
		<key>98101BD41C0A5945001E9555</key>
		<dict>
			<key>fileEncoding</key>
			<string>4</string>
			<key>isa</key>
			<string>PBXFileReference</string>
			<key>lastKnownFileType</key>
			<string>sourcecode.swift</string>
			<key>path</key>
			<string>PageTableViewCell.swift</string>
			<key>sourceTree</key>
			<string>&lt;group&gt;</string>
		</dict>
		<key>98101BD61C0A5945001E9555</key>
		<dict>
			<key>fileEncoding</key>
			<string>4</string>
			<key>isa</key>
			<string>PBXFileReference</string>
			<key>lastKnownFileType</key>
			<string>sourcecode.swift</string>
			<key>path</key>
			<string>PDFView.swift</string>
			<key>sourceTree</key>
			<string>&lt;group&gt;</string>
		</dict>
		<key>98101BD71C0A5945001E9555</key>
		<dict>
			<key>fileRef</key>
			<string>98101BD41C0A5945001E9555</string>
			<key>isa</key>
			<string>PBXBuildFile</string>
		</dict>
		<key>98101BD91C0A5945001E9555</key>
		<dict>
			<key>fileRef</key>
			<string>98101BD61C0A5945001E9555</string>
			<key>isa</key>
			<string>PBXBuildFile</string>
		</dict>
		<key>9814D7A61CAEED5B00D1ADA4</key>
		<dict>
			<key>fileEncoding</key>
			<string>4</string>
			<key>isa</key>
			<string>PBXFileReference</string>
			<key>lastKnownFileType</key>
			<string>file.storyboard</string>
			<key>path</key>
			<string>DocumentSettingsContainer.storyboard</string>
			<key>sourceTree</key>
			<string>&lt;group&gt;</string>
		</dict>
		<key>9814D7A71CAEED5B00D1ADA4</key>
		<dict>
			<key>fileRef</key>
			<string>9814D7A61CAEED5B00D1ADA4</string>
			<key>isa</key>
			<string>PBXBuildFile</string>
		</dict>
		<key>9814D7A81CAEFA0D00D1ADA4</key>
		<dict>
			<key>fileEncoding</key>
			<string>4</string>
			<key>isa</key>
			<string>PBXFileReference</string>
			<key>lastKnownFileType</key>
			<string>sourcecode.swift</string>
			<key>path</key>
			<string>NSDateExtension.swift</string>
			<key>sourceTree</key>
			<string>&lt;group&gt;</string>
		</dict>
		<key>9814D7A91CAEFA0D00D1ADA4</key>
		<dict>
			<key>fileRef</key>
			<string>9814D7A81CAEFA0D00D1ADA4</string>
			<key>isa</key>
			<string>PBXBuildFile</string>
		</dict>
		<key>9816186E1C834AF700E1D5EA</key>
		<dict>
			<key>fileEncoding</key>
			<string>4</string>
			<key>isa</key>
			<string>PBXFileReference</string>
			<key>lastKnownFileType</key>
			<string>sourcecode.swift</string>
			<key>path</key>
			<string>TouchControlViewTests.swift</string>
			<key>sourceTree</key>
			<string>&lt;group&gt;</string>
		</dict>
		<key>9816186F1C834AF700E1D5EA</key>
		<dict>
			<key>fileRef</key>
			<string>9816186E1C834AF700E1D5EA</string>
			<key>isa</key>
			<string>PBXBuildFile</string>
		</dict>
		<key>981618701C8382E600E1D5EA</key>
		<dict>
			<key>children</key>
			<array>
				<string>98DBAA231C0799CB007EFFE5</string>
				<string>98C2E2721C6FC069002F4ADC</string>
				<string>98EB1B521C6D344100D104A4</string>
			</array>
			<key>isa</key>
			<string>PBXGroup</string>
			<key>path</key>
			<string>Test Resources</string>
			<key>sourceTree</key>
			<string>&lt;group&gt;</string>
		</dict>
		<key>981CF9A61C4AB034003BA892</key>
		<dict>
			<key>children</key>
			<array>
				<string>981CF9A71C4AB04E003BA892</string>
				<string>981CF9AB1C4AC122003BA892</string>
				<string>981CF9AD1C4AC3BE003BA892</string>
				<string>98E0D3FF1C4C087700EF49FD</string>
			</array>
			<key>isa</key>
			<string>PBXGroup</string>
			<key>path</key>
			<string>DocumentOverview</string>
			<key>sourceTree</key>
			<string>&lt;group&gt;</string>
		</dict>
		<key>981CF9A71C4AB04E003BA892</key>
		<dict>
			<key>fileEncoding</key>
			<string>4</string>
			<key>isa</key>
			<string>PBXFileReference</string>
			<key>lastKnownFileType</key>
			<string>file.storyboard</string>
			<key>path</key>
			<string>DocumentOverview.storyboard</string>
			<key>sourceTree</key>
			<string>&lt;group&gt;</string>
		</dict>
		<key>981CF9A81C4AB04E003BA892</key>
		<dict>
			<key>fileRef</key>
			<string>981CF9A71C4AB04E003BA892</string>
			<key>isa</key>
			<string>PBXBuildFile</string>
		</dict>
		<key>981CF9AB1C4AC122003BA892</key>
		<dict>
			<key>fileEncoding</key>
			<string>4</string>
			<key>isa</key>
			<string>PBXFileReference</string>
			<key>lastKnownFileType</key>
			<string>sourcecode.swift</string>
			<key>path</key>
			<string>DocumentOverviewCollectionViewCell.swift</string>
			<key>sourceTree</key>
			<string>&lt;group&gt;</string>
		</dict>
		<key>981CF9AC1C4AC122003BA892</key>
		<dict>
			<key>fileRef</key>
			<string>981CF9AB1C4AC122003BA892</string>
			<key>isa</key>
			<string>PBXBuildFile</string>
		</dict>
		<key>981CF9AD1C4AC3BE003BA892</key>
		<dict>
			<key>fileEncoding</key>
			<string>4</string>
			<key>isa</key>
			<string>PBXFileReference</string>
			<key>lastKnownFileType</key>
			<string>sourcecode.swift</string>
			<key>path</key>
			<string>DocumentOverviewViewController.swift</string>
			<key>sourceTree</key>
			<string>&lt;group&gt;</string>
		</dict>
		<key>981CF9AE1C4AC3BE003BA892</key>
		<dict>
			<key>fileRef</key>
			<string>981CF9AD1C4AC3BE003BA892</string>
			<key>isa</key>
			<string>PBXBuildFile</string>
		</dict>
		<key>98262C0F1C22C29A00B420A8</key>
		<dict>
			<key>fileEncoding</key>
			<string>4</string>
			<key>isa</key>
			<string>PBXFileReference</string>
			<key>lastKnownFileType</key>
			<string>sourcecode.swift</string>
			<key>path</key>
			<string>SettingsBaseViewController.swift</string>
			<key>sourceTree</key>
			<string>&lt;group&gt;</string>
		</dict>
		<key>98262C101C22C29A00B420A8</key>
		<dict>
			<key>fileRef</key>
			<string>98262C0F1C22C29A00B420A8</string>
			<key>isa</key>
			<string>PBXBuildFile</string>
		</dict>
		<key>98262C111C22D96A00B420A8</key>
		<dict>
			<key>fileEncoding</key>
			<string>4</string>
			<key>isa</key>
			<string>PBXFileReference</string>
			<key>lastKnownFileType</key>
			<string>sourcecode.swift</string>
			<key>path</key>
			<string>PageSubView.swift</string>
			<key>sourceTree</key>
			<string>&lt;group&gt;</string>
		</dict>
		<key>98262C121C22D96A00B420A8</key>
		<dict>
			<key>fileRef</key>
			<string>98262C111C22D96A00B420A8</string>
			<key>isa</key>
			<string>PBXBuildFile</string>
		</dict>
		<key>9829ECD01C791E9F00A64009</key>
		<dict>
			<key>fileEncoding</key>
			<string>4</string>
			<key>isa</key>
			<string>PBXFileReference</string>
			<key>lastKnownFileType</key>
			<string>sourcecode.swift</string>
			<key>path</key>
			<string>MovableLayer.swift</string>
			<key>sourceTree</key>
			<string>&lt;group&gt;</string>
		</dict>
		<key>9829ECD11C791E9F00A64009</key>
		<dict>
			<key>fileRef</key>
			<string>9829ECD01C791E9F00A64009</string>
			<key>isa</key>
			<string>PBXBuildFile</string>
		</dict>
		<key>9829ECD21C791EB600A64009</key>
		<dict>
			<key>children</key>
			<array>
				<string>98A57C3C1C1DB2A400E6C5DF</string>
				<string>9829ECD31C791ED400A64009</string>
				<string>9829ECD01C791E9F00A64009</string>
				<string>9829ECD71C791F0C00A64009</string>
				<string>9829ECD91C791F2700A64009</string>
				<string>9829ECD51C791EF500A64009</string>
			</array>
			<key>isa</key>
			<string>PBXGroup</string>
			<key>path</key>
			<string>DocumentLayer</string>
			<key>sourceTree</key>
			<string>&lt;group&gt;</string>
		</dict>
		<key>9829ECD31C791ED400A64009</key>
		<dict>
			<key>fileEncoding</key>
			<string>4</string>
			<key>isa</key>
			<string>PBXFileReference</string>
			<key>lastKnownFileType</key>
			<string>sourcecode.swift</string>
			<key>path</key>
			<string>ImageLayer.swift</string>
			<key>sourceTree</key>
			<string>&lt;group&gt;</string>
		</dict>
		<key>9829ECD41C791ED400A64009</key>
		<dict>
			<key>fileRef</key>
			<string>9829ECD31C791ED400A64009</string>
			<key>isa</key>
			<string>PBXBuildFile</string>
		</dict>
		<key>9829ECD51C791EF500A64009</key>
		<dict>
			<key>fileEncoding</key>
			<string>4</string>
			<key>isa</key>
			<string>PBXFileReference</string>
			<key>lastKnownFileType</key>
			<string>sourcecode.swift</string>
			<key>path</key>
			<string>TextLayer.swift</string>
			<key>sourceTree</key>
			<string>&lt;group&gt;</string>
		</dict>
		<key>9829ECD61C791EF500A64009</key>
		<dict>
			<key>fileRef</key>
			<string>9829ECD51C791EF500A64009</string>
			<key>isa</key>
			<string>PBXBuildFile</string>
		</dict>
		<key>9829ECD71C791F0C00A64009</key>
		<dict>
			<key>fileEncoding</key>
			<string>4</string>
			<key>isa</key>
			<string>PBXFileReference</string>
			<key>lastKnownFileType</key>
			<string>sourcecode.swift</string>
			<key>path</key>
			<string>PDFLayer.swift</string>
			<key>sourceTree</key>
			<string>&lt;group&gt;</string>
		</dict>
		<key>9829ECD81C791F0C00A64009</key>
		<dict>
			<key>fileRef</key>
			<string>9829ECD71C791F0C00A64009</string>
			<key>isa</key>
			<string>PBXBuildFile</string>
		</dict>
		<key>9829ECD91C791F2700A64009</key>
		<dict>
			<key>fileEncoding</key>
			<string>4</string>
			<key>isa</key>
			<string>PBXFileReference</string>
			<key>lastKnownFileType</key>
			<string>sourcecode.swift</string>
			<key>path</key>
			<string>SketchLayer.swift</string>
			<key>sourceTree</key>
			<string>&lt;group&gt;</string>
		</dict>
		<key>9829ECDA1C791F2700A64009</key>
		<dict>
			<key>fileRef</key>
			<string>9829ECD91C791F2700A64009</string>
			<key>isa</key>
			<string>PBXBuildFile</string>
		</dict>
		<key>982FD9EC1C18C92F00058BCF</key>
		<dict>
			<key>children</key>
			<array>
				<string>98101BCE1C0A58AA001E9555</string>
				<string>98101BCF1C0A58AA001E9555</string>
			</array>
			<key>isa</key>
			<string>PBXGroup</string>
			<key>path</key>
			<string>Pages Overview</string>
			<key>sourceTree</key>
			<string>&lt;group&gt;</string>
		</dict>
		<key>982FD9ED1C18C97600058BCF</key>
		<dict>
			<key>children</key>
			<array>
				<string>98E33D4D1C37E8BB0065B590</string>
				<string>98BABB8E1C1B169000D9C938</string>
				<string>9814D7A61CAEED5B00D1ADA4</string>
				<string>98D8C0B81C0B11750026EECE</string>
				<string>98262C0F1C22C29A00B420A8</string>
				<string>98006ABA1C1A1E960091E356</string>
				<string>98006AB81C1A1E8D0091E356</string>
			</array>
			<key>isa</key>
			<string>PBXGroup</string>
			<key>path</key>
			<string>Settings Container</string>
			<key>sourceTree</key>
			<string>&lt;group&gt;</string>
		</dict>
		<key>98312D651C0B65E500F3B1CB</key>
		<dict>
			<key>fileEncoding</key>
			<string>4</string>
			<key>isa</key>
			<string>PBXFileReference</string>
			<key>lastKnownFileType</key>
			<string>sourcecode.swift</string>
			<key>path</key>
			<string>PageView.swift</string>
			<key>sourceTree</key>
			<string>&lt;group&gt;</string>
		</dict>
		<key>98312D661C0B65E500F3B1CB</key>
		<dict>
			<key>fileRef</key>
			<string>98312D651C0B65E500F3B1CB</string>
			<key>isa</key>
			<string>PBXBuildFile</string>
		</dict>
		<key>98312D671C0B65F500F3B1CB</key>
		<dict>
			<key>children</key>
			<array>
				<string>98E1FF1A1CA8407E00368EAF</string>
				<string>98AFFE6D1C14A685003A4A79</string>
				<string>98101BD61C0A5945001E9555</string>
				<string>98262C111C22D96A00B420A8</string>
				<string>98312D651C0B65E500F3B1CB</string>
			</array>
			<key>isa</key>
			<string>PBXGroup</string>
			<key>path</key>
			<string>PageView</string>
			<key>sourceTree</key>
			<string>&lt;group&gt;</string>
		</dict>
		<key>98312D681C0B79F200F3B1CB</key>
		<dict>
			<key>fileEncoding</key>
			<string>4</string>
			<key>isa</key>
			<string>PBXFileReference</string>
			<key>lastKnownFileType</key>
			<string>sourcecode.swift</string>
			<key>path</key>
			<string>DocumentInstance.swift</string>
			<key>sourceTree</key>
			<string>&lt;group&gt;</string>
		</dict>
		<key>98312D691C0B79F200F3B1CB</key>
		<dict>
			<key>fileRef</key>
			<string>98312D681C0B79F200F3B1CB</string>
			<key>isa</key>
			<string>PBXBuildFile</string>
		</dict>
		<key>983B24CC1CA70EB600F4F3AE</key>
		<dict>
			<key>fileEncoding</key>
			<string>4</string>
			<key>isa</key>
			<string>PBXFileReference</string>
			<key>lastKnownFileType</key>
			<string>sourcecode.swift</string>
			<key>path</key>
			<string>NoScrollingTextView.swift</string>
			<key>sourceTree</key>
			<string>&lt;group&gt;</string>
		</dict>
		<key>983B24CD1CA70EB600F4F3AE</key>
		<dict>
			<key>fileRef</key>
			<string>983B24CC1CA70EB600F4F3AE</string>
			<key>isa</key>
			<string>PBXBuildFile</string>
		</dict>
		<key>984242AA1C3EDD0900F90455</key>
		<dict>
			<key>fileEncoding</key>
			<string>4</string>
			<key>isa</key>
			<string>PBXFileReference</string>
			<key>lastKnownFileType</key>
			<string>sourcecode.swift</string>
			<key>path</key>
			<string>TouchControlView.swift</string>
			<key>sourceTree</key>
			<string>&lt;group&gt;</string>
		</dict>
		<key>984242AB1C3EDD0900F90455</key>
		<dict>
			<key>fileRef</key>
			<string>984242AA1C3EDD0900F90455</string>
			<key>isa</key>
			<string>PBXBuildFile</string>
		</dict>
		<key>984242AC1C3EE79900F90455</key>
		<dict>
			<key>fileEncoding</key>
			<string>4</string>
			<key>isa</key>
			<string>PBXFileReference</string>
			<key>lastKnownFileType</key>
			<string>sourcecode.swift</string>
			<key>path</key>
			<string>UIColorExtension.swift</string>
			<key>sourceTree</key>
			<string>&lt;group&gt;</string>
		</dict>
		<key>984242AD1C3EE79900F90455</key>
		<dict>
			<key>fileRef</key>
			<string>984242AC1C3EE79900F90455</string>
			<key>isa</key>
			<string>PBXBuildFile</string>
		</dict>
		<key>9854310C1C52C00F0098DAC1</key>
		<dict>
			<key>fileEncoding</key>
			<string>4</string>
			<key>isa</key>
			<string>PBXFileReference</string>
			<key>lastKnownFileType</key>
			<string>sourcecode.swift</string>
			<key>path</key>
			<string>NSMetadataItemExtension.swift</string>
			<key>sourceTree</key>
			<string>&lt;group&gt;</string>
		</dict>
		<key>9854310D1C52C00F0098DAC1</key>
		<dict>
			<key>fileRef</key>
			<string>9854310C1C52C00F0098DAC1</string>
			<key>isa</key>
			<string>PBXBuildFile</string>
		</dict>
		<key>9854310E1C52C4EE0098DAC1</key>
		<dict>
			<key>fileEncoding</key>
			<string>4</string>
			<key>isa</key>
			<string>PBXFileReference</string>
			<key>lastKnownFileType</key>
			<string>sourcecode.swift</string>
			<key>path</key>
			<string>CloudDownloadingIndicator.swift</string>
			<key>sourceTree</key>
			<string>&lt;group&gt;</string>
		</dict>
		<key>9854310F1C52C4EE0098DAC1</key>
		<dict>
			<key>fileRef</key>
			<string>9854310E1C52C4EE0098DAC1</string>
			<key>isa</key>
			<string>PBXBuildFile</string>
		</dict>
		<key>986D605A1C2B21140065D71B</key>
		<dict>
			<key>fileEncoding</key>
			<string>4</string>
			<key>isa</key>
			<string>PBXFileReference</string>
			<key>lastKnownFileType</key>
			<string>sourcecode.swift</string>
			<key>path</key>
			<string>CustomScrollView.swift</string>
			<key>sourceTree</key>
			<string>&lt;group&gt;</string>
		</dict>
		<key>986D605B1C2B21140065D71B</key>
		<dict>
			<key>fileRef</key>
			<string>986D605A1C2B21140065D71B</string>
			<key>isa</key>
			<string>PBXBuildFile</string>
		</dict>
		<key>986D605C1C2C2D410065D71B</key>
		<dict>
			<key>children</key>
			<array>
				<string>980A3F341C22B2010070C618</string>
				<string>986D605D1C2C2D700065D71B</string>
				<string>9854310E1C52C4EE0098DAC1</string>
				<string>9896A6861C77906700061986</string>
				<string>986D605A1C2B21140065D71B</string>
				<string>983B24CC1CA70EB600F4F3AE</string>
				<string>98AD15E81C49BBDC00EE94A1</string>
				<string>984242AA1C3EDD0900F90455</string>
			</array>
			<key>isa</key>
			<string>PBXGroup</string>
			<key>path</key>
			<string>Generic Components</string>
			<key>sourceTree</key>
			<string>&lt;group&gt;</string>
		</dict>
		<key>986D605D1C2C2D700065D71B</key>
		<dict>
			<key>fileEncoding</key>
			<string>4</string>
			<key>isa</key>
			<string>PBXFileReference</string>
			<key>lastKnownFileType</key>
			<string>sourcecode.swift</string>
			<key>path</key>
			<string>CircleView.swift</string>
			<key>sourceTree</key>
			<string>&lt;group&gt;</string>
		</dict>
		<key>986D605E1C2C2D700065D71B</key>
		<dict>
			<key>fileRef</key>
			<string>986D605D1C2C2D700065D71B</string>
			<key>isa</key>
			<string>PBXBuildFile</string>
		</dict>
		<key>986D605F1C2C34BD0065D71B</key>
		<dict>
			<key>fileEncoding</key>
			<string>4</string>
			<key>isa</key>
			<string>PBXFileReference</string>
			<key>lastKnownFileType</key>
			<string>sourcecode.swift</string>
			<key>path</key>
			<string>CALayerExtension.swift</string>
			<key>sourceTree</key>
			<string>&lt;group&gt;</string>
		</dict>
		<key>986D60601C2C34BD0065D71B</key>
		<dict>
			<key>fileRef</key>
			<string>986D605F1C2C34BD0065D71B</string>
			<key>isa</key>
			<string>PBXBuildFile</string>
		</dict>
		<key>9873094E1CB176E40034A2B1</key>
		<dict>
			<key>fileEncoding</key>
			<string>4</string>
			<key>isa</key>
			<string>PBXFileReference</string>
			<key>lastKnownFileType</key>
			<string>sourcecode.swift</string>
			<key>path</key>
			<string>StrokeBufferView.swift</string>
			<key>sourceTree</key>
			<string>&lt;group&gt;</string>
		</dict>
		<key>9873094F1CB176E40034A2B1</key>
		<dict>
			<key>fileRef</key>
			<string>9873094E1CB176E40034A2B1</string>
			<key>isa</key>
			<string>PBXBuildFile</string>
		</dict>
		<key>987487CA1C18DA45000309D8</key>
		<dict>
			<key>fileEncoding</key>
			<string>4</string>
			<key>isa</key>
			<string>PBXFileReference</string>
			<key>lastKnownFileType</key>
			<string>sourcecode.swift</string>
			<key>path</key>
			<string>MovableTextView.swift</string>
			<key>sourceTree</key>
			<string>&lt;group&gt;</string>
		</dict>
		<key>987487CB1C18DA45000309D8</key>
		<dict>
			<key>fileRef</key>
			<string>987487CA1C18DA45000309D8</string>
			<key>isa</key>
			<string>PBXBuildFile</string>
		</dict>
		<key>987B570B1C3AF85200141EA5</key>
		<dict>
			<key>fileEncoding</key>
			<string>4</string>
			<key>isa</key>
			<string>PBXFileReference</string>
			<key>lastKnownFileType</key>
			<string>sourcecode.swift</string>
			<key>path</key>
			<string>CGRectExtension.swift</string>
			<key>sourceTree</key>
			<string>&lt;group&gt;</string>
		</dict>
		<key>987B570C1C3AF85200141EA5</key>
		<dict>
			<key>fileRef</key>
			<string>987B570B1C3AF85200141EA5</string>
			<key>isa</key>
			<string>PBXBuildFile</string>
		</dict>
		<key>987B570D1C3B10F300141EA5</key>
		<dict>
			<key>fileEncoding</key>
			<string>4</string>
			<key>isa</key>
			<string>PBXFileReference</string>
			<key>lastKnownFileType</key>
			<string>sourcecode.swift</string>
			<key>path</key>
			<string>Global.swift</string>
			<key>sourceTree</key>
			<string>&lt;group&gt;</string>
		</dict>
		<key>987B570E1C3B10F300141EA5</key>
		<dict>
			<key>fileRef</key>
			<string>987B570D1C3B10F300141EA5</string>
			<key>isa</key>
			<string>PBXBuildFile</string>
		</dict>
		<key>987B570F1C3B139700141EA5</key>
		<dict>
			<key>fileEncoding</key>
			<string>4</string>
			<key>isa</key>
			<string>PBXFileReference</string>
			<key>lastKnownFileType</key>
			<string>sourcecode.swift</string>
			<key>path</key>
			<string>UIImageExtension.swift</string>
			<key>sourceTree</key>
			<string>&lt;group&gt;</string>
		</dict>
		<key>987B57101C3B139700141EA5</key>
		<dict>
			<key>fileRef</key>
			<string>987B570F1C3B139700141EA5</string>
			<key>isa</key>
			<string>PBXBuildFile</string>
		</dict>
		<key>987F6A171C738A9600572C2F</key>
		<dict>
			<key>fileEncoding</key>
			<string>4</string>
			<key>isa</key>
			<string>PBXFileReference</string>
			<key>lastKnownFileType</key>
			<string>sourcecode.swift</string>
			<key>path</key>
			<string>PDF.swift</string>
			<key>sourceTree</key>
			<string>&lt;group&gt;</string>
		</dict>
		<key>987F6A181C738A9600572C2F</key>
		<dict>
			<key>fileRef</key>
			<string>987F6A171C738A9600572C2F</string>
			<key>isa</key>
			<string>PBXBuildFile</string>
		</dict>
		<key>987F6A1B1C74A79500572C2F</key>
		<dict>
			<key>children</key>
			<array>
				<string>987F6A1E1C74A9FC00572C2F</string>
				<string>987F6A201C74AA0800572C2F</string>
				<string>987F6A1C1C74A7B600572C2F</string>
			</array>
			<key>isa</key>
			<string>PBXGroup</string>
			<key>path</key>
			<string>ImportViewController</string>
			<key>sourceTree</key>
			<string>&lt;group&gt;</string>
		</dict>
		<key>987F6A1C1C74A7B600572C2F</key>
		<dict>
			<key>fileEncoding</key>
			<string>4</string>
			<key>isa</key>
			<string>PBXFileReference</string>
			<key>lastKnownFileType</key>
			<string>sourcecode.swift</string>
			<key>path</key>
			<string>ImportDataViewController.swift</string>
			<key>sourceTree</key>
			<string>&lt;group&gt;</string>
		</dict>
		<key>987F6A1D1C74A7B600572C2F</key>
		<dict>
			<key>fileRef</key>
			<string>987F6A1C1C74A7B600572C2F</string>
			<key>isa</key>
			<string>PBXBuildFile</string>
		</dict>
		<key>987F6A1E1C74A9FC00572C2F</key>
		<dict>
			<key>fileEncoding</key>
			<string>4</string>
			<key>isa</key>
			<string>PBXFileReference</string>
			<key>lastKnownFileType</key>
			<string>sourcecode.swift</string>
			<key>path</key>
			<string>ImportDataMainTableViewCell.swift</string>
			<key>sourceTree</key>
			<string>&lt;group&gt;</string>
		</dict>
		<key>987F6A1F1C74A9FC00572C2F</key>
		<dict>
			<key>fileRef</key>
			<string>987F6A1E1C74A9FC00572C2F</string>
			<key>isa</key>
			<string>PBXBuildFile</string>
		</dict>
		<key>987F6A201C74AA0800572C2F</key>
		<dict>
			<key>fileEncoding</key>
			<string>4</string>
			<key>isa</key>
			<string>PBXFileReference</string>
			<key>lastKnownFileType</key>
			<string>sourcecode.swift</string>
			<key>path</key>
			<string>ImportDataSubTableViewCell.swift</string>
			<key>sourceTree</key>
			<string>&lt;group&gt;</string>
		</dict>
		<key>987F6A211C74AA0800572C2F</key>
		<dict>
			<key>fileRef</key>
			<string>987F6A201C74AA0800572C2F</string>
			<key>isa</key>
			<string>PBXBuildFile</string>
		</dict>
		<key>9881D2751C2857DB00A6651A</key>
		<dict>
			<key>fileEncoding</key>
			<string>4</string>
			<key>isa</key>
			<string>PBXFileReference</string>
			<key>lastKnownFileType</key>
			<string>sourcecode.swift</string>
			<key>path</key>
			<string>ColorButton.swift</string>
			<key>sourceTree</key>
			<string>&lt;group&gt;</string>
		</dict>
		<key>9881D2761C2857DB00A6651A</key>
		<dict>
			<key>fileRef</key>
			<string>9881D2751C2857DB00A6651A</string>
			<key>isa</key>
			<string>PBXBuildFile</string>
		</dict>
		<key>9896A6861C77906700061986</key>
		<dict>
			<key>fileEncoding</key>
			<string>4</string>
			<key>isa</key>
			<string>PBXFileReference</string>
			<key>lastKnownFileType</key>
			<string>sourcecode.swift</string>
			<key>path</key>
			<string>CustomDocumentPickerViewController.swift</string>
			<key>sourceTree</key>
			<string>&lt;group&gt;</string>
		</dict>
		<key>9896A6871C77906700061986</key>
		<dict>
			<key>fileRef</key>
			<string>9896A6861C77906700061986</string>
			<key>isa</key>
			<string>PBXBuildFile</string>
		</dict>
		<key>989C51811CB2F709007D3DCE</key>
		<dict>
			<key>fileEncoding</key>
			<string>4</string>
			<key>isa</key>
			<string>PBXFileReference</string>
			<key>lastKnownFileType</key>
			<string>sourcecode.swift</string>
			<key>path</key>
			<string>UIBarButtonItemExtension.swift</string>
			<key>sourceTree</key>
			<string>&lt;group&gt;</string>
		</dict>
		<key>989C51821CB2F709007D3DCE</key>
		<dict>
			<key>fileRef</key>
			<string>989C51811CB2F709007D3DCE</string>
			<key>isa</key>
			<string>PBXBuildFile</string>
		</dict>
		<key>98A133DD1C22BB230064D983</key>
		<dict>
			<key>fileEncoding</key>
			<string>4</string>
			<key>isa</key>
			<string>PBXFileReference</string>
			<key>lastKnownFileType</key>
			<string>sourcecode.swift</string>
			<key>path</key>
			<string>ColorPickerCollectionViewCell.swift</string>
			<key>sourceTree</key>
			<string>&lt;group&gt;</string>
		</dict>
		<key>98A133DE1C22BB230064D983</key>
		<dict>
			<key>fileRef</key>
			<string>98A133DD1C22BB230064D983</string>
			<key>isa</key>
			<string>PBXBuildFile</string>
		</dict>
		<key>98A5673A1C18CC330065B401</key>
		<dict>
			<key>fileEncoding</key>
			<string>4</string>
			<key>isa</key>
			<string>PBXFileReference</string>
			<key>lastKnownFileType</key>
			<string>sourcecode.swift</string>
			<key>path</key>
			<string>ImageSettingsViewController.swift</string>
			<key>sourceTree</key>
			<string>&lt;group&gt;</string>
		</dict>
		<key>98A5673B1C18CC330065B401</key>
		<dict>
			<key>fileRef</key>
			<string>98A5673A1C18CC330065B401</string>
			<key>isa</key>
			<string>PBXBuildFile</string>
		</dict>
		<key>98A57C3B1C1DB29200E6C5DF</key>
		<dict>
			<key>children</key>
			<array>
				<string>9829ECD21C791EB600A64009</string>
				<string>98D8C0B61C0B116F0026EECE</string>
				<string>98E0D4071C4C0F5500EF49FD</string>
				<string>98A57C3E1C1DB2BC00E6C5DF</string>
				<string>98E0D4031C4C0CA700EF49FD</string>
			</array>
			<key>isa</key>
			<string>PBXGroup</string>
			<key>path</key>
			<string>Model</string>
			<key>sourceTree</key>
			<string>&lt;group&gt;</string>
		</dict>
		<key>98A57C3C1C1DB2A400E6C5DF</key>
		<dict>
			<key>fileEncoding</key>
			<string>4</string>
			<key>isa</key>
			<string>PBXFileReference</string>
			<key>lastKnownFileType</key>
			<string>sourcecode.swift</string>
			<key>path</key>
			<string>DocumentLayer.swift</string>
			<key>sourceTree</key>
			<string>&lt;group&gt;</string>
		</dict>
		<key>98A57C3D1C1DB2A400E6C5DF</key>
		<dict>
			<key>fileRef</key>
			<string>98A57C3C1C1DB2A400E6C5DF</string>
			<key>isa</key>
			<string>PBXBuildFile</string>
		</dict>
		<key>98A57C3E1C1DB2BC00E6C5DF</key>
		<dict>
			<key>fileEncoding</key>
			<string>4</string>
			<key>isa</key>
			<string>PBXFileReference</string>
			<key>lastKnownFileType</key>
			<string>sourcecode.swift</string>
			<key>path</key>
			<string>DocumentPage.swift</string>
			<key>sourceTree</key>
			<string>&lt;group&gt;</string>
		</dict>
		<key>98A57C3F1C1DB2BC00E6C5DF</key>
		<dict>
			<key>fileRef</key>
			<string>98A57C3E1C1DB2BC00E6C5DF</string>
			<key>isa</key>
			<string>PBXBuildFile</string>
		</dict>
		<key>98AD15E81C49BBDC00EE94A1</key>
		<dict>
			<key>fileEncoding</key>
			<string>4</string>
			<key>isa</key>
			<string>PBXFileReference</string>
			<key>lastKnownFileType</key>
			<string>sourcecode.swift</string>
			<key>path</key>
			<string>ReordableTableView.swift</string>
			<key>sourceTree</key>
			<string>&lt;group&gt;</string>
		</dict>
		<key>98AD15E91C49BBDC00EE94A1</key>
		<dict>
			<key>fileRef</key>
			<string>98AD15E81C49BBDC00EE94A1</string>
			<key>isa</key>
			<string>PBXBuildFile</string>
		</dict>
		<key>98AFFE6D1C14A685003A4A79</key>
		<dict>
			<key>children</key>
			<array>
				<string>98F2E3ED1C1A1EF1008A5C6C</string>
				<string>987487CA1C18DA45000309D8</string>
				<string>98F2E3EB1C1A1EE9008A5C6C</string>
			</array>
			<key>isa</key>
			<string>PBXGroup</string>
			<key>path</key>
			<string>Movable</string>
			<key>sourceTree</key>
			<string>&lt;group&gt;</string>
		</dict>
		<key>98AFFE721C14AEC9003A4A79</key>
		<dict>
			<key>children</key>
			<array>
				<string>986D605F1C2C34BD0065D71B</string>
				<string>98CD5AAF1C5FE728003F0686</string>
				<string>98F2E3E41C1A1ED2008A5C6C</string>
				<string>987B570B1C3AF85200141EA5</string>
				<string>98F2E3E51C1A1ED2008A5C6C</string>
				<string>98CD5AB11C5FE954003F0686</string>
				<string>987B570D1C3B10F300141EA5</string>
				<string>9814D7A81CAEFA0D00D1ADA4</string>
				<string>9854310C1C52C00F0098DAC1</string>
				<string>98E0D4051C4C0D3C00EF49FD</string>
				<string>987F6A171C738A9600572C2F</string>
				<string>989C51811CB2F709007D3DCE</string>
				<string>984242AC1C3EE79900F90455</string>
				<string>987B570F1C3B139700141EA5</string>
				<string>98F2E3E61C1A1ED2008A5C6C</string>
				<string>98BABB911C1B4D9300D9C938</string>
			</array>
			<key>isa</key>
			<string>PBXGroup</string>
			<key>path</key>
			<string>Extenstions</string>
			<key>sourceTree</key>
			<string>&lt;group&gt;</string>
		</dict>
		<key>98BABB8C1C1B142C00D9C938</key>
		<dict>
			<key>fileEncoding</key>
			<string>4</string>
			<key>isa</key>
			<string>PBXFileReference</string>
			<key>lastKnownFileType</key>
			<string>sourcecode.swift</string>
			<key>path</key>
			<string>PageInfoViewController.swift</string>
			<key>sourceTree</key>
			<string>&lt;group&gt;</string>
		</dict>
		<key>98BABB8D1C1B142C00D9C938</key>
		<dict>
			<key>fileRef</key>
			<string>98BABB8C1C1B142C00D9C938</string>
			<key>isa</key>
			<string>PBXBuildFile</string>
		</dict>
		<key>98BABB8E1C1B169000D9C938</key>
		<dict>
			<key>children</key>
			<array>
				<string>98BABB8F1C1B16A400D9C938</string>
				<string>98BABB8C1C1B142C00D9C938</string>
			</array>
			<key>isa</key>
			<string>PBXGroup</string>
			<key>path</key>
			<string>PageInfo</string>
			<key>sourceTree</key>
			<string>&lt;group&gt;</string>
		</dict>
		<key>98BABB8F1C1B16A400D9C938</key>
		<dict>
			<key>fileEncoding</key>
			<string>4</string>
			<key>isa</key>
			<string>PBXFileReference</string>
			<key>lastKnownFileType</key>
			<string>sourcecode.swift</string>
			<key>path</key>
			<string>PageInfoLayerTableViewCell.swift</string>
			<key>sourceTree</key>
			<string>&lt;group&gt;</string>
		</dict>
		<key>98BABB901C1B16A400D9C938</key>
		<dict>
			<key>fileRef</key>
			<string>98BABB8F1C1B16A400D9C938</string>
			<key>isa</key>
			<string>PBXBuildFile</string>
		</dict>
		<key>98BABB911C1B4D9300D9C938</key>
		<dict>
			<key>fileEncoding</key>
			<string>4</string>
			<key>isa</key>
			<string>PBXFileReference</string>
			<key>lastKnownFileType</key>
			<string>sourcecode.swift</string>
			<key>path</key>
			<string>UIViewExtension.swift</string>
			<key>sourceTree</key>
			<string>&lt;group&gt;</string>
		</dict>
		<key>98BABB921C1B4D9300D9C938</key>
		<dict>
			<key>fileRef</key>
			<string>98BABB911C1B4D9300D9C938</string>
			<key>isa</key>
			<string>PBXBuildFile</string>
		</dict>
		<key>98C2E2721C6FC069002F4ADC</key>
		<dict>
			<key>isa</key>
			<string>PBXFileReference</string>
			<key>lastKnownFileType</key>
			<string>file.bplist</string>
			<key>path</key>
			<string>test.ProNote</string>
			<key>sourceTree</key>
			<string>&lt;group&gt;</string>
		</dict>
		<key>98C2E2731C6FC069002F4ADC</key>
		<dict>
			<key>fileRef</key>
			<string>98C2E2721C6FC069002F4ADC</string>
			<key>isa</key>
			<string>PBXBuildFile</string>
		</dict>
		<key>98CD5AAF1C5FE728003F0686</key>
		<dict>
			<key>fileEncoding</key>
			<string>4</string>
			<key>isa</key>
			<string>PBXFileReference</string>
			<key>lastKnownFileType</key>
			<string>sourcecode.swift</string>
			<key>path</key>
			<string>CGFloatExtension.swift</string>
			<key>sourceTree</key>
			<string>&lt;group&gt;</string>
		</dict>
		<key>98CD5AB01C5FE728003F0686</key>
		<dict>
			<key>fileRef</key>
			<string>98CD5AAF1C5FE728003F0686</string>
			<key>isa</key>
			<string>PBXBuildFile</string>
		</dict>
		<key>98CD5AB11C5FE954003F0686</key>
		<dict>
			<key>fileEncoding</key>
			<string>4</string>
			<key>isa</key>
			<string>PBXFileReference</string>
			<key>lastKnownFileType</key>
			<string>sourcecode.swift</string>
			<key>path</key>
			<string>CGVectorExtension.swift</string>
			<key>sourceTree</key>
			<string>&lt;group&gt;</string>
		</dict>
		<key>98CD5AB21C5FE954003F0686</key>
		<dict>
			<key>fileRef</key>
			<string>98CD5AB11C5FE954003F0686</string>
			<key>isa</key>
			<string>PBXBuildFile</string>
		</dict>
		<key>98D2DA801C6BDE3300B3C76C</key>
		<dict>
			<key>children</key>
			<array>
				<string>98D2DA811C6BDE4500B3C76C</string>
				<string>98E0D4011C4C093900EF49FD</string>
			</array>
			<key>isa</key>
			<string>PBXGroup</string>
			<key>path</key>
			<string>Utilities</string>
			<key>sourceTree</key>
			<string>&lt;group&gt;</string>
		</dict>
		<key>98D2DA811C6BDE4500B3C76C</key>
		<dict>
			<key>fileEncoding</key>
			<string>4</string>
			<key>isa</key>
			<string>PBXFileReference</string>
			<key>lastKnownFileType</key>
			<string>sourcecode.swift</string>
			<key>path</key>
			<string>DocumentExporter.swift</string>
			<key>sourceTree</key>
			<string>&lt;group&gt;</string>
		</dict>
		<key>98D2DA821C6BDE4500B3C76C</key>
		<dict>
			<key>fileRef</key>
			<string>98D2DA811C6BDE4500B3C76C</string>
			<key>isa</key>
			<string>PBXBuildFile</string>
		</dict>
		<key>98D2DA831C6BDE7200B3C76C</key>
		<dict>
			<key>children</key>
			<array>
				<string>98DBAA131C0799CB007EFFE5</string>
				<string>98DBAA181C0799CB007EFFE5</string>
				<string>98D8C0BE1C0B16610026EECE</string>
			</array>
			<key>isa</key>
			<string>PBXGroup</string>
			<key>path</key>
			<string>Resources</string>
			<key>sourceTree</key>
			<string>&lt;group&gt;</string>
		</dict>
		<key>98D8C0B61C0B116F0026EECE</key>
		<dict>
			<key>fileEncoding</key>
			<string>4</string>
			<key>isa</key>
			<string>PBXFileReference</string>
			<key>lastKnownFileType</key>
			<string>sourcecode.swift</string>
			<key>path</key>
			<string>Document.swift</string>
			<key>sourceTree</key>
			<string>&lt;group&gt;</string>
		</dict>
		<key>98D8C0B71C0B116F0026EECE</key>
		<dict>
			<key>fileRef</key>
			<string>98D8C0B61C0B116F0026EECE</string>
			<key>isa</key>
			<string>PBXBuildFile</string>
		</dict>
		<key>98D8C0B81C0B11750026EECE</key>
		<dict>
			<key>fileEncoding</key>
			<string>4</string>
			<key>isa</key>
			<string>PBXFileReference</string>
			<key>lastKnownFileType</key>
			<string>sourcecode.swift</string>
			<key>path</key>
			<string>DrawingSettingsViewController.swift</string>
			<key>sourceTree</key>
			<string>&lt;group&gt;</string>
		</dict>
		<key>98D8C0B91C0B11750026EECE</key>
		<dict>
			<key>fileEncoding</key>
			<string>4</string>
			<key>isa</key>
			<string>PBXFileReference</string>
			<key>lastKnownFileType</key>
			<string>sourcecode.swift</string>
			<key>path</key>
			<string>SketchView.swift</string>
			<key>sourceTree</key>
			<string>&lt;group&gt;</string>
		</dict>
		<key>98D8C0BA1C0B11750026EECE</key>
		<dict>
			<key>fileRef</key>
			<string>98D8C0B81C0B11750026EECE</string>
			<key>isa</key>
			<string>PBXBuildFile</string>
		</dict>
		<key>98D8C0BB1C0B11750026EECE</key>
		<dict>
			<key>fileRef</key>
			<string>98D8C0B91C0B11750026EECE</string>
			<key>isa</key>
			<string>PBXBuildFile</string>
		</dict>
		<key>98D8C0BE1C0B16610026EECE</key>
		<dict>
			<key>isa</key>
			<string>PBXFileReference</string>
			<key>lastKnownFileType</key>
			<string>text.xml</string>
			<key>path</key>
			<string>proNotes.entitlements</string>
			<key>sourceTree</key>
			<string>&lt;group&gt;</string>
		</dict>
		<key>98DBA9FD1C0799CB007EFFE5</key>
		<dict>
			<key>children</key>
			<array>
				<string>98DBAA071C0799CB007EFFE5</string>
				<string>98DBAA081C0799CB007EFFE5</string>
				<string>98DBAA201C0799CB007EFFE5</string>
			</array>
			<key>isa</key>
			<string>PBXGroup</string>
			<key>sourceTree</key>
			<string>&lt;group&gt;</string>
		</dict>
		<key>98DBA9FE1C0799CB007EFFE5</key>
		<dict>
			<key>attributes</key>
			<dict>
				<key>LastSwiftUpdateCheck</key>
				<string>0720</string>
				<key>LastUpgradeCheck</key>
				<string>0720</string>
				<key>ORGANIZATIONNAME</key>
				<string>leonardthomas</string>
				<key>TargetAttributes</key>
				<dict>
					<key>98DBAA051C0799CB007EFFE5</key>
					<dict>
						<key>CreatedOnToolsVersion</key>
						<string>7.1.1</string>
						<key>DevelopmentTeam</key>
						<string>23Q9KTEYUV</string>
						<key>SystemCapabilities</key>
						<dict>
							<key>com.apple.iCloud</key>
							<dict>
								<key>enabled</key>
								<string>1</string>
							</dict>
						</dict>
					</dict>
					<key>98DBAA1C1C0799CB007EFFE5</key>
					<dict>
						<key>CreatedOnToolsVersion</key>
						<string>7.1.1</string>
						<key>TestTargetID</key>
						<string>98DBAA051C0799CB007EFFE5</string>
					</dict>
				</dict>
			</dict>
			<key>buildConfigurationList</key>
			<string>98DBAA011C0799CB007EFFE5</string>
			<key>compatibilityVersion</key>
			<string>Xcode 3.2</string>
			<key>developmentRegion</key>
			<string>English</string>
			<key>hasScannedForEncodings</key>
			<string>0</string>
			<key>isa</key>
			<string>PBXProject</string>
			<key>knownRegions</key>
			<array>
				<string>en</string>
				<string>Base</string>
			</array>
			<key>mainGroup</key>
			<string>98DBA9FD1C0799CB007EFFE5</string>
			<key>productRefGroup</key>
			<string>98DBAA071C0799CB007EFFE5</string>
			<key>projectDirPath</key>
			<string></string>
			<key>projectReferences</key>
			<array/>
			<key>projectRoot</key>
			<string></string>
			<key>targets</key>
			<array>
				<string>98DBAA051C0799CB007EFFE5</string>
				<string>98DBAA1C1C0799CB007EFFE5</string>
			</array>
		</dict>
		<key>98DBAA011C0799CB007EFFE5</key>
		<dict>
			<key>buildConfigurations</key>
			<array>
				<string>98DBAA2F1C0799CB007EFFE5</string>
				<string>98DBAA301C0799CB007EFFE5</string>
			</array>
			<key>defaultConfigurationIsVisible</key>
			<string>0</string>
			<key>defaultConfigurationName</key>
			<string>Release</string>
			<key>isa</key>
			<string>XCConfigurationList</string>
		</dict>
		<key>98DBAA021C0799CB007EFFE5</key>
		<dict>
			<key>buildActionMask</key>
			<string>2147483647</string>
			<key>files</key>
			<array>
				<string>989C51821CB2F709007D3DCE</string>
				<string>98262C101C22C29A00B420A8</string>
				<string>98E1FF1C1CA840C800368EAF</string>
				<string>98BABB921C1B4D9300D9C938</string>
				<string>98BABB901C1B16A400D9C938</string>
				<string>98101BD71C0A5945001E9555</string>
				<string>98F2E3EE1C1A1EF1008A5C6C</string>
				<string>9829ECD61C791EF500A64009</string>
				<string>9829ECD41C791ED400A64009</string>
				<string>98D2DA821C6BDE4500B3C76C</string>
				<string>984242AB1C3EDD0900F90455</string>
				<string>9873094F1CB176E40034A2B1</string>
				<string>98E33D4F1C37E8D10065B590</string>
				<string>98E0D4041C4C0CA700EF49FD</string>
				<string>98F2E3E91C1A1ED2008A5C6C</string>
				<string>98CD5AB21C5FE954003F0686</string>
				<string>98DBAA0A1C0799CB007EFFE5</string>
				<string>98101BD11C0A58AA001E9555</string>
				<string>9881D2761C2857DB00A6651A</string>
				<string>981CF9AE1C4AC3BE003BA892</string>
				<string>98A57C3D1C1DB2A400E6C5DF</string>
				<string>98312D661C0B65E500F3B1CB</string>
				<string>98F2E3EA1C1A1ED2008A5C6C</string>
				<string>98E0D4061C4C0D3C00EF49FD</string>
				<string>9829ECD11C791E9F00A64009</string>
				<string>9854310F1C52C4EE0098DAC1</string>
				<string>987F6A1D1C74A7B600572C2F</string>
				<string>98A57C3F1C1DB2BC00E6C5DF</string>
				<string>9896A6871C77906700061986</string>
				<string>986D605E1C2C2D700065D71B</string>
				<string>98CD5AB01C5FE728003F0686</string>
				<string>98F2E3EC1C1A1EE9008A5C6C</string>
				<string>9814D7A91CAEFA0D00D1ADA4</string>
				<string>986D605B1C2B21140065D71B</string>
				<string>98006ABF1C1A1EAC0091E356</string>
				<string>98E0D4021C4C093900EF49FD</string>
				<string>9854310D1C52C00F0098DAC1</string>
				<string>98A133DE1C22BB230064D983</string>
				<string>98E0D4081C4C0F5500EF49FD</string>
				<string>98BABB8D1C1B142C00D9C938</string>
				<string>987B57101C3B139700141EA5</string>
				<string>987F6A211C74AA0800572C2F</string>
				<string>983B24CD1CA70EB600F4F3AE</string>
				<string>987F6A1F1C74A9FC00572C2F</string>
				<string>98F2E3E81C1A1ED2008A5C6C</string>
				<string>98006ABB1C1A1E960091E356</string>
				<string>98312D691C0B79F200F3B1CB</string>
				<string>987B570E1C3B10F300141EA5</string>
				<string>981CF9AC1C4AC122003BA892</string>
				<string>98D8C0B71C0B116F0026EECE</string>
				<string>98A5673B1C18CC330065B401</string>
				<string>98E0D4001C4C087700EF49FD</string>
				<string>987F6A181C738A9600572C2F</string>
				<string>98D8C0BA1C0B11750026EECE</string>
				<string>986D60601C2C34BD0065D71B</string>
				<string>98101BD21C0A58AA001E9555</string>
				<string>9829ECD81C791F0C00A64009</string>
				<string>980A3F331C22B1FC0070C618</string>
				<string>984242AD1C3EE79900F90455</string>
				<string>98006AB91C1A1E8D0091E356</string>
				<string>987B570C1C3AF85200141EA5</string>
				<string>98101BD91C0A5945001E9555</string>
				<string>98262C121C22D96A00B420A8</string>
				<string>98D8C0BB1C0B11750026EECE</string>
				<string>9829ECDA1C791F2700A64009</string>
				<string>987487CB1C18DA45000309D8</string>
				<string>98101BD31C0A58AA001E9555</string>
				<string>98AD15E91C49BBDC00EE94A1</string>
			</array>
			<key>isa</key>
			<string>PBXSourcesBuildPhase</string>
			<key>runOnlyForDeploymentPostprocessing</key>
			<string>0</string>
		</dict>
		<key>98DBAA031C0799CB007EFFE5</key>
		<dict>
			<key>buildActionMask</key>
			<string>2147483647</string>
			<key>files</key>
			<array/>
			<key>isa</key>
			<string>PBXFrameworksBuildPhase</string>
			<key>runOnlyForDeploymentPostprocessing</key>
			<string>0</string>
		</dict>
		<key>98DBAA041C0799CB007EFFE5</key>
		<dict>
			<key>buildActionMask</key>
			<string>2147483647</string>
			<key>files</key>
			<array>
				<string>981CF9A81C4AB04E003BA892</string>
				<string>9814D7A71CAEED5B00D1ADA4</string>
				<string>98DBAA171C0799CB007EFFE5</string>
				<string>98101BD01C0A58AA001E9555</string>
				<string>98DBAA141C0799CB007EFFE5</string>
			</array>
			<key>isa</key>
			<string>PBXResourcesBuildPhase</string>
			<key>runOnlyForDeploymentPostprocessing</key>
			<string>0</string>
		</dict>
		<key>98DBAA051C0799CB007EFFE5</key>
		<dict>
			<key>buildConfigurationList</key>
			<string>98DBAA311C0799CB007EFFE5</string>
			<key>buildPhases</key>
			<array>
				<string>98DBAA021C0799CB007EFFE5</string>
				<string>98DBAA031C0799CB007EFFE5</string>
				<string>98DBAA041C0799CB007EFFE5</string>
			</array>
			<key>buildRules</key>
			<array/>
			<key>dependencies</key>
			<array/>
			<key>isa</key>
			<string>PBXNativeTarget</string>
			<key>name</key>
			<string>proNotes</string>
			<key>productName</key>
			<string>Student</string>
			<key>productReference</key>
			<string>98DBAA061C0799CB007EFFE5</string>
			<key>productType</key>
			<string>com.apple.product-type.application</string>
		</dict>
		<key>98DBAA061C0799CB007EFFE5</key>
		<dict>
			<key>explicitFileType</key>
			<string>wrapper.application</string>
			<key>includeInIndex</key>
			<string>0</string>
			<key>isa</key>
			<string>PBXFileReference</string>
			<key>path</key>
			<string>proNotes.app</string>
			<key>sourceTree</key>
			<string>BUILT_PRODUCTS_DIR</string>
		</dict>
		<key>98DBAA071C0799CB007EFFE5</key>
		<dict>
			<key>children</key>
			<array>
				<string>98DBAA061C0799CB007EFFE5</string>
				<string>98DBAA1D1C0799CB007EFFE5</string>
			</array>
			<key>isa</key>
			<string>PBXGroup</string>
			<key>name</key>
			<string>Products</string>
			<key>sourceTree</key>
			<string>&lt;group&gt;</string>
		</dict>
		<key>98DBAA081C0799CB007EFFE5</key>
		<dict>
			<key>children</key>
			<array>
				<string>98101BCB1C0A5873001E9555</string>
				<string>981CF9A61C4AB034003BA892</string>
				<string>98AFFE721C14AEC9003A4A79</string>
				<string>986D605C1C2C2D410065D71B</string>
				<string>98A57C3B1C1DB29200E6C5DF</string>
				<string>98D2DA831C6BDE7200B3C76C</string>
				<string>98D2DA801C6BDE3300B3C76C</string>
				<string>98DBAA091C0799CB007EFFE5</string>
				<string>98DBAA151C0799CB007EFFE5</string>
			</array>
			<key>isa</key>
			<string>PBXGroup</string>
			<key>path</key>
			<string>proNotes</string>
			<key>sourceTree</key>
			<string>&lt;group&gt;</string>
		</dict>
		<key>98DBAA091C0799CB007EFFE5</key>
		<dict>
			<key>isa</key>
			<string>PBXFileReference</string>
			<key>lastKnownFileType</key>
			<string>sourcecode.swift</string>
			<key>path</key>
			<string>AppDelegate.swift</string>
			<key>sourceTree</key>
			<string>&lt;group&gt;</string>
		</dict>
		<key>98DBAA0A1C0799CB007EFFE5</key>
		<dict>
			<key>fileRef</key>
			<string>98DBAA091C0799CB007EFFE5</string>
			<key>isa</key>
			<string>PBXBuildFile</string>
		</dict>
		<key>98DBAA131C0799CB007EFFE5</key>
		<dict>
			<key>isa</key>
			<string>PBXFileReference</string>
			<key>lastKnownFileType</key>
			<string>folder.assetcatalog</string>
			<key>path</key>
			<string>Assets.xcassets</string>
			<key>sourceTree</key>
			<string>&lt;group&gt;</string>
		</dict>
		<key>98DBAA141C0799CB007EFFE5</key>
		<dict>
			<key>fileRef</key>
			<string>98DBAA131C0799CB007EFFE5</string>
			<key>isa</key>
			<string>PBXBuildFile</string>
		</dict>
		<key>98DBAA151C0799CB007EFFE5</key>
		<dict>
			<key>children</key>
			<array>
				<string>98DBAA161C0799CB007EFFE5</string>
			</array>
			<key>isa</key>
			<string>PBXVariantGroup</string>
			<key>name</key>
			<string>LaunchScreen.storyboard</string>
			<key>path</key>
			<string>.</string>
			<key>sourceTree</key>
			<string>&lt;group&gt;</string>
		</dict>
		<key>98DBAA161C0799CB007EFFE5</key>
		<dict>
			<key>isa</key>
			<string>PBXFileReference</string>
			<key>lastKnownFileType</key>
			<string>file.storyboard</string>
			<key>name</key>
			<string>Base</string>
			<key>path</key>
			<string>Base.lproj/LaunchScreen.storyboard</string>
			<key>sourceTree</key>
			<string>&lt;group&gt;</string>
		</dict>
		<key>98DBAA171C0799CB007EFFE5</key>
		<dict>
			<key>fileRef</key>
			<string>98DBAA151C0799CB007EFFE5</string>
			<key>isa</key>
			<string>PBXBuildFile</string>
		</dict>
		<key>98DBAA181C0799CB007EFFE5</key>
		<dict>
			<key>isa</key>
			<string>PBXFileReference</string>
			<key>lastKnownFileType</key>
			<string>text.plist.xml</string>
			<key>path</key>
			<string>Info.plist</string>
			<key>sourceTree</key>
			<string>&lt;group&gt;</string>
		</dict>
		<key>98DBAA191C0799CB007EFFE5</key>
		<dict>
			<key>buildActionMask</key>
			<string>2147483647</string>
			<key>files</key>
			<array>
				<string>9816186F1C834AF700E1D5EA</string>
				<string>98EB1B511C6D319C00D104A4</string>
				<string>98E4688D1C6E11AD00AC0E0A</string>
			</array>
			<key>isa</key>
			<string>PBXSourcesBuildPhase</string>
			<key>runOnlyForDeploymentPostprocessing</key>
			<string>0</string>
		</dict>
		<key>98DBAA1A1C0799CB007EFFE5</key>
		<dict>
			<key>buildActionMask</key>
			<string>2147483647</string>
			<key>files</key>
			<array/>
			<key>isa</key>
			<string>PBXFrameworksBuildPhase</string>
			<key>runOnlyForDeploymentPostprocessing</key>
			<string>0</string>
		</dict>
		<key>98DBAA1B1C0799CB007EFFE5</key>
		<dict>
			<key>buildActionMask</key>
			<string>2147483647</string>
			<key>files</key>
			<array>
				<string>98EB1B4D1C6D29EE00D104A4</string>
				<string>98EB1B531C6D344100D104A4</string>
				<string>98C2E2731C6FC069002F4ADC</string>
			</array>
			<key>isa</key>
			<string>PBXResourcesBuildPhase</string>
			<key>runOnlyForDeploymentPostprocessing</key>
			<string>0</string>
		</dict>
		<key>98DBAA1C1C0799CB007EFFE5</key>
		<dict>
			<key>buildConfigurationList</key>
			<string>98DBAA341C0799CB007EFFE5</string>
			<key>buildPhases</key>
			<array>
				<string>98DBAA191C0799CB007EFFE5</string>
				<string>98DBAA1A1C0799CB007EFFE5</string>
				<string>98DBAA1B1C0799CB007EFFE5</string>
			</array>
			<key>buildRules</key>
			<array/>
			<key>dependencies</key>
			<array>
				<string>98DBAA1F1C0799CB007EFFE5</string>
			</array>
			<key>isa</key>
			<string>PBXNativeTarget</string>
			<key>name</key>
			<string>proNotesTests</string>
			<key>productName</key>
			<string>StudentTests</string>
			<key>productReference</key>
			<string>98DBAA1D1C0799CB007EFFE5</string>
			<key>productType</key>
			<string>com.apple.product-type.bundle.unit-test</string>
		</dict>
		<key>98DBAA1D1C0799CB007EFFE5</key>
		<dict>
			<key>explicitFileType</key>
			<string>wrapper.cfbundle</string>
			<key>includeInIndex</key>
			<string>0</string>
			<key>isa</key>
			<string>PBXFileReference</string>
			<key>path</key>
			<string>proNotesTests.xctest</string>
			<key>sourceTree</key>
			<string>BUILT_PRODUCTS_DIR</string>
		</dict>
		<key>98DBAA1E1C0799CB007EFFE5</key>
		<dict>
			<key>containerPortal</key>
			<string>98DBA9FE1C0799CB007EFFE5</string>
			<key>isa</key>
			<string>PBXContainerItemProxy</string>
			<key>proxyType</key>
			<string>1</string>
			<key>remoteGlobalIDString</key>
			<string>98DBAA051C0799CB007EFFE5</string>
			<key>remoteInfo</key>
			<string>Student</string>
		</dict>
		<key>98DBAA1F1C0799CB007EFFE5</key>
		<dict>
			<key>isa</key>
			<string>PBXTargetDependency</string>
			<key>target</key>
			<string>98DBAA051C0799CB007EFFE5</string>
			<key>targetProxy</key>
			<string>98DBAA1E1C0799CB007EFFE5</string>
		</dict>
		<key>98DBAA201C0799CB007EFFE5</key>
		<dict>
			<key>children</key>
			<array>
				<string>981618701C8382E600E1D5EA</string>
				<string>98E4688C1C6E11AD00AC0E0A</string>
				<string>98EB1B501C6D319C00D104A4</string>
				<string>9816186E1C834AF700E1D5EA</string>
			</array>
			<key>isa</key>
			<string>PBXGroup</string>
			<key>path</key>
			<string>proNotesTests</string>
			<key>sourceTree</key>
			<string>&lt;group&gt;</string>
		</dict>
		<key>98DBAA231C0799CB007EFFE5</key>
		<dict>
			<key>isa</key>
			<string>PBXFileReference</string>
			<key>lastKnownFileType</key>
			<string>text.plist.xml</string>
			<key>path</key>
			<string>Info.plist</string>
			<key>sourceTree</key>
			<string>&lt;group&gt;</string>
		</dict>
		<key>98DBAA2F1C0799CB007EFFE5</key>
		<dict>
			<key>buildSettings</key>
			<dict>
				<key>ALWAYS_SEARCH_USER_PATHS</key>
				<string>NO</string>
				<key>CLANG_CXX_LANGUAGE_STANDARD</key>
				<string>gnu++0x</string>
				<key>CLANG_CXX_LIBRARY</key>
				<string>libc++</string>
				<key>CLANG_ENABLE_MODULES</key>
				<string>YES</string>
				<key>CLANG_ENABLE_OBJC_ARC</key>
				<string>YES</string>
				<key>CLANG_WARN_BOOL_CONVERSION</key>
				<string>YES</string>
				<key>CLANG_WARN_CONSTANT_CONVERSION</key>
				<string>YES</string>
				<key>CLANG_WARN_DIRECT_OBJC_ISA_USAGE</key>
				<string>YES_ERROR</string>
				<key>CLANG_WARN_EMPTY_BODY</key>
				<string>YES</string>
				<key>CLANG_WARN_ENUM_CONVERSION</key>
				<string>YES</string>
				<key>CLANG_WARN_INT_CONVERSION</key>
				<string>YES</string>
				<key>CLANG_WARN_OBJC_ROOT_CLASS</key>
				<string>YES_ERROR</string>
				<key>CLANG_WARN_UNREACHABLE_CODE</key>
				<string>YES</string>
				<key>CLANG_WARN__DUPLICATE_METHOD_MATCH</key>
				<string>YES</string>
				<key>CODE_SIGN_IDENTITY[sdk=iphoneos*]</key>
				<string>iPhone Developer</string>
				<key>COPY_PHASE_STRIP</key>
				<string>NO</string>
				<key>DEBUG_INFORMATION_FORMAT</key>
				<string>dwarf</string>
				<key>ENABLE_STRICT_OBJC_MSGSEND</key>
				<string>YES</string>
				<key>ENABLE_TESTABILITY</key>
				<string>YES</string>
				<key>GCC_C_LANGUAGE_STANDARD</key>
				<string>gnu99</string>
				<key>GCC_DYNAMIC_NO_PIC</key>
				<string>NO</string>
				<key>GCC_NO_COMMON_BLOCKS</key>
				<string>YES</string>
				<key>GCC_OPTIMIZATION_LEVEL</key>
				<string>0</string>
				<key>GCC_PREPROCESSOR_DEFINITIONS</key>
				<array>
					<string>DEBUG=1</string>
					<string>$(inherited)</string>
				</array>
				<key>GCC_WARN_64_TO_32_BIT_CONVERSION</key>
				<string>YES</string>
				<key>GCC_WARN_ABOUT_RETURN_TYPE</key>
				<string>YES_ERROR</string>
				<key>GCC_WARN_UNDECLARED_SELECTOR</key>
				<string>YES</string>
				<key>GCC_WARN_UNINITIALIZED_AUTOS</key>
				<string>YES_AGGRESSIVE</string>
				<key>GCC_WARN_UNUSED_FUNCTION</key>
				<string>YES</string>
				<key>GCC_WARN_UNUSED_VARIABLE</key>
				<string>YES</string>
				<key>IPHONEOS_DEPLOYMENT_TARGET</key>
				<string>9.1</string>
				<key>MTL_ENABLE_DEBUG_INFO</key>
				<string>YES</string>
				<key>ONLY_ACTIVE_ARCH</key>
				<string>YES</string>
				<key>SDKROOT</key>
				<string>iphoneos</string>
				<key>SWIFT_OPTIMIZATION_LEVEL</key>
				<string>-Onone</string>
				<key>TARGETED_DEVICE_FAMILY</key>
				<string>1,2</string>
				<key>VERSIONING_SYSTEM</key>
				<string></string>
			</dict>
			<key>isa</key>
			<string>XCBuildConfiguration</string>
			<key>name</key>
			<string>Debug</string>
		</dict>
		<key>98DBAA301C0799CB007EFFE5</key>
		<dict>
			<key>buildSettings</key>
			<dict>
				<key>ALWAYS_SEARCH_USER_PATHS</key>
				<string>NO</string>
				<key>CLANG_CXX_LANGUAGE_STANDARD</key>
				<string>gnu++0x</string>
				<key>CLANG_CXX_LIBRARY</key>
				<string>libc++</string>
				<key>CLANG_ENABLE_MODULES</key>
				<string>YES</string>
				<key>CLANG_ENABLE_OBJC_ARC</key>
				<string>YES</string>
				<key>CLANG_WARN_BOOL_CONVERSION</key>
				<string>YES</string>
				<key>CLANG_WARN_CONSTANT_CONVERSION</key>
				<string>YES</string>
				<key>CLANG_WARN_DIRECT_OBJC_ISA_USAGE</key>
				<string>YES_ERROR</string>
				<key>CLANG_WARN_EMPTY_BODY</key>
				<string>YES</string>
				<key>CLANG_WARN_ENUM_CONVERSION</key>
				<string>YES</string>
				<key>CLANG_WARN_INT_CONVERSION</key>
				<string>YES</string>
				<key>CLANG_WARN_OBJC_ROOT_CLASS</key>
				<string>YES_ERROR</string>
				<key>CLANG_WARN_UNREACHABLE_CODE</key>
				<string>YES</string>
				<key>CLANG_WARN__DUPLICATE_METHOD_MATCH</key>
				<string>YES</string>
				<key>CODE_SIGN_IDENTITY[sdk=iphoneos*]</key>
				<string>iPhone Developer</string>
				<key>COPY_PHASE_STRIP</key>
				<string>NO</string>
				<key>DEBUG_INFORMATION_FORMAT</key>
				<string>dwarf-with-dsym</string>
				<key>ENABLE_NS_ASSERTIONS</key>
				<string>NO</string>
				<key>ENABLE_STRICT_OBJC_MSGSEND</key>
				<string>YES</string>
				<key>GCC_C_LANGUAGE_STANDARD</key>
				<string>gnu99</string>
				<key>GCC_NO_COMMON_BLOCKS</key>
				<string>YES</string>
				<key>GCC_WARN_64_TO_32_BIT_CONVERSION</key>
				<string>YES</string>
				<key>GCC_WARN_ABOUT_RETURN_TYPE</key>
				<string>YES_ERROR</string>
				<key>GCC_WARN_UNDECLARED_SELECTOR</key>
				<string>YES</string>
				<key>GCC_WARN_UNINITIALIZED_AUTOS</key>
				<string>YES_AGGRESSIVE</string>
				<key>GCC_WARN_UNUSED_FUNCTION</key>
				<string>YES</string>
				<key>GCC_WARN_UNUSED_VARIABLE</key>
				<string>YES</string>
				<key>IPHONEOS_DEPLOYMENT_TARGET</key>
				<string>9.1</string>
				<key>MTL_ENABLE_DEBUG_INFO</key>
				<string>NO</string>
				<key>SDKROOT</key>
				<string>iphoneos</string>
				<key>TARGETED_DEVICE_FAMILY</key>
				<string>1,2</string>
				<key>VALIDATE_PRODUCT</key>
				<string>YES</string>
			</dict>
			<key>isa</key>
			<string>XCBuildConfiguration</string>
			<key>name</key>
			<string>Release</string>
		</dict>
		<key>98DBAA311C0799CB007EFFE5</key>
		<dict>
			<key>buildConfigurations</key>
			<array>
				<string>98DBAA321C0799CB007EFFE5</string>
				<string>98DBAA331C0799CB007EFFE5</string>
			</array>
			<key>defaultConfigurationIsVisible</key>
			<string>0</string>
			<key>defaultConfigurationName</key>
			<string>Release</string>
			<key>isa</key>
			<string>XCConfigurationList</string>
		</dict>
		<key>98DBAA321C0799CB007EFFE5</key>
		<dict>
			<key>buildSettings</key>
			<dict>
				<key>ASSETCATALOG_COMPILER_APPICON_NAME</key>
				<string>AppIcon</string>
				<key>CLANG_ENABLE_MODULES</key>
				<string>YES</string>
				<key>CODE_SIGN_ENTITLEMENTS</key>
				<string>proNotes/Resources/proNotes.entitlements</string>
				<key>CODE_SIGN_IDENTITY</key>
				<string>iPhone Developer</string>
				<key>CODE_SIGN_IDENTITY[sdk=iphoneos*]</key>
				<string>iPhone Developer</string>
				<key>DEFINES_MODULE</key>
				<string>NO</string>
				<key>GCC_PREPROCESSOR_DEFINITIONS</key>
				<array>
					<string>DEBUG=1</string>
					<string>$(inherited)</string>
				</array>
				<key>INFOPLIST_FILE</key>
				<string>proNotes/Resources/Info.plist</string>
				<key>IPHONEOS_DEPLOYMENT_TARGET</key>
				<string>9.1</string>
				<key>LD_RUNPATH_SEARCH_PATHS</key>
				<string>$(inherited) @executable_path/Frameworks</string>
				<key>PRODUCT_BUNDLE_IDENTIFIER</key>
				<string>lt.com.proNotes</string>
				<key>PRODUCT_NAME</key>
				<string>proNotes</string>
				<key>PROVISIONING_PROFILE</key>
				<string></string>
				<key>SWIFT_OBJC_BRIDGING_HEADER</key>
				<string></string>
				<key>SWIFT_OPTIMIZATION_LEVEL</key>
				<string>-Onone</string>
			</dict>
			<key>isa</key>
			<string>XCBuildConfiguration</string>
			<key>name</key>
			<string>Debug</string>
		</dict>
		<key>98DBAA331C0799CB007EFFE5</key>
		<dict>
			<key>buildSettings</key>
			<dict>
				<key>ASSETCATALOG_COMPILER_APPICON_NAME</key>
				<string>AppIcon</string>
				<key>CLANG_ENABLE_MODULES</key>
				<string>YES</string>
				<key>CODE_SIGN_ENTITLEMENTS</key>
				<string>proNotes/Resources/proNotes.entitlements</string>
				<key>CODE_SIGN_IDENTITY</key>
				<string>iPhone Developer</string>
				<key>CODE_SIGN_IDENTITY[sdk=iphoneos*]</key>
				<string>iPhone Developer</string>
				<key>DEFINES_MODULE</key>
				<string>NO</string>
				<key>INFOPLIST_FILE</key>
				<string>proNotes/Resources/Info.plist</string>
				<key>IPHONEOS_DEPLOYMENT_TARGET</key>
				<string>9.1</string>
				<key>LD_RUNPATH_SEARCH_PATHS</key>
				<string>$(inherited) @executable_path/Frameworks</string>
				<key>PRODUCT_BUNDLE_IDENTIFIER</key>
				<string>lt.com.proNotes</string>
				<key>PRODUCT_NAME</key>
				<string>proNotes</string>
				<key>PROVISIONING_PROFILE</key>
				<string></string>
				<key>SWIFT_OBJC_BRIDGING_HEADER</key>
				<string></string>
			</dict>
			<key>isa</key>
			<string>XCBuildConfiguration</string>
			<key>name</key>
			<string>Release</string>
		</dict>
		<key>98DBAA341C0799CB007EFFE5</key>
		<dict>
			<key>buildConfigurations</key>
			<array>
				<string>98DBAA351C0799CB007EFFE5</string>
				<string>98DBAA361C0799CB007EFFE5</string>
			</array>
			<key>defaultConfigurationIsVisible</key>
			<string>0</string>
			<key>defaultConfigurationName</key>
			<string>Release</string>
			<key>isa</key>
			<string>XCConfigurationList</string>
		</dict>
		<key>98DBAA351C0799CB007EFFE5</key>
		<dict>
			<key>buildSettings</key>
			<dict>
				<key>BUNDLE_LOADER</key>
				<string>$(TEST_HOST)</string>
				<key>INFOPLIST_FILE</key>
				<string>proNotesTests/Test Resources/Info.plist</string>
				<key>LD_RUNPATH_SEARCH_PATHS</key>
				<string>$(inherited) @executable_path/Frameworks @loader_path/Frameworks</string>
				<key>PRODUCT_BUNDLE_IDENTIFIER</key>
				<string>lt.StudentTests</string>
				<key>PRODUCT_NAME</key>
				<string>proNotesTests</string>
				<key>TEST_HOST</key>
				<string>$(BUILT_PRODUCTS_DIR)/proNotes.app/proNotes</string>
			</dict>
			<key>isa</key>
			<string>XCBuildConfiguration</string>
			<key>name</key>
			<string>Debug</string>
		</dict>
		<key>98DBAA361C0799CB007EFFE5</key>
		<dict>
			<key>buildSettings</key>
			<dict>
				<key>BUNDLE_LOADER</key>
				<string>$(TEST_HOST)</string>
				<key>INFOPLIST_FILE</key>
				<string>proNotesTests/Test Resources/Info.plist</string>
				<key>LD_RUNPATH_SEARCH_PATHS</key>
				<string>$(inherited) @executable_path/Frameworks @loader_path/Frameworks</string>
				<key>PRODUCT_BUNDLE_IDENTIFIER</key>
				<string>lt.StudentTests</string>
				<key>PRODUCT_NAME</key>
				<string>proNotesTests</string>
				<key>TEST_HOST</key>
				<string>$(BUILT_PRODUCTS_DIR)/proNotes.app/proNotes</string>
			</dict>
			<key>isa</key>
			<string>XCBuildConfiguration</string>
			<key>name</key>
			<string>Release</string>
		</dict>
		<key>98E0D3FF1C4C087700EF49FD</key>
		<dict>
			<key>fileEncoding</key>
			<string>4</string>
			<key>isa</key>
			<string>PBXFileReference</string>
			<key>lastKnownFileType</key>
			<string>sourcecode.swift</string>
			<key>path</key>
			<string>FileManager.swift</string>
			<key>sourceTree</key>
			<string>&lt;group&gt;</string>
		</dict>
		<key>98E0D4001C4C087700EF49FD</key>
		<dict>
			<key>fileRef</key>
			<string>98E0D3FF1C4C087700EF49FD</string>
			<key>isa</key>
			<string>PBXBuildFile</string>
		</dict>
		<key>98E0D4011C4C093900EF49FD</key>
		<dict>
			<key>fileEncoding</key>
			<string>4</string>
			<key>isa</key>
			<string>PBXFileReference</string>
			<key>lastKnownFileType</key>
			<string>sourcecode.swift</string>
			<key>path</key>
			<string>Preferences.swift</string>
			<key>sourceTree</key>
			<string>&lt;group&gt;</string>
		</dict>
		<key>98E0D4021C4C093900EF49FD</key>
		<dict>
			<key>fileRef</key>
			<string>98E0D4011C4C093900EF49FD</string>
			<key>isa</key>
			<string>PBXBuildFile</string>
		</dict>
		<key>98E0D4031C4C0CA700EF49FD</key>
		<dict>
			<key>fileEncoding</key>
			<string>4</string>
			<key>isa</key>
			<string>PBXFileReference</string>
			<key>lastKnownFileType</key>
			<string>sourcecode.swift</string>
			<key>path</key>
			<string>DocumentsOverviewObject.swift</string>
			<key>sourceTree</key>
			<string>&lt;group&gt;</string>
		</dict>
		<key>98E0D4041C4C0CA700EF49FD</key>
		<dict>
			<key>fileRef</key>
			<string>98E0D4031C4C0CA700EF49FD</string>
			<key>isa</key>
			<string>PBXBuildFile</string>
		</dict>
		<key>98E0D4051C4C0D3C00EF49FD</key>
		<dict>
			<key>fileEncoding</key>
			<string>4</string>
			<key>isa</key>
			<string>PBXFileReference</string>
			<key>lastKnownFileType</key>
			<string>sourcecode.swift</string>
			<key>path</key>
			<string>NSURLExtension.swift</string>
			<key>sourceTree</key>
			<string>&lt;group&gt;</string>
		</dict>
		<key>98E0D4061C4C0D3C00EF49FD</key>
		<dict>
			<key>fileRef</key>
			<string>98E0D4051C4C0D3C00EF49FD</string>
			<key>isa</key>
			<string>PBXBuildFile</string>
		</dict>
		<key>98E0D4071C4C0F5500EF49FD</key>
		<dict>
			<key>fileEncoding</key>
			<string>4</string>
			<key>isa</key>
			<string>PBXFileReference</string>
			<key>lastKnownFileType</key>
			<string>sourcecode.swift</string>
			<key>path</key>
			<string>DocumentMetaData.swift</string>
			<key>sourceTree</key>
			<string>&lt;group&gt;</string>
		</dict>
		<key>98E0D4081C4C0F5500EF49FD</key>
		<dict>
			<key>fileRef</key>
			<string>98E0D4071C4C0F5500EF49FD</string>
			<key>isa</key>
			<string>PBXBuildFile</string>
		</dict>
		<key>98E1FF1A1CA8407E00368EAF</key>
		<dict>
			<key>children</key>
			<array>
				<string>98E1FF1B1CA840C800368EAF</string>
				<string>98D8C0B91C0B11750026EECE</string>
				<string>9873094E1CB176E40034A2B1</string>
			</array>
			<key>isa</key>
			<string>PBXGroup</string>
			<key>path</key>
			<string>Drawing</string>
			<key>sourceTree</key>
			<string>&lt;group&gt;</string>
		</dict>
		<key>98E1FF1B1CA840C800368EAF</key>
		<dict>
			<key>fileEncoding</key>
			<string>4</string>
			<key>isa</key>
			<string>PBXFileReference</string>
			<key>lastKnownFileType</key>
			<string>sourcecode.swift</string>
			<key>path</key>
			<string>PenProtocoll.swift</string>
			<key>sourceTree</key>
			<string>&lt;group&gt;</string>
		</dict>
		<key>98E1FF1C1CA840C800368EAF</key>
		<dict>
			<key>fileRef</key>
			<string>98E1FF1B1CA840C800368EAF</string>
			<key>isa</key>
			<string>PBXBuildFile</string>
		</dict>
		<key>98E33D4D1C37E8BB0065B590</key>
		<dict>
			<key>children</key>
			<array>
				<string>98E33D4E1C37E8D10065B590</string>
				<string>98A5673A1C18CC330065B401</string>
			</array>
			<key>isa</key>
			<string>PBXGroup</string>
			<key>path</key>
			<string>ImageSettings</string>
			<key>sourceTree</key>
			<string>&lt;group&gt;</string>
		</dict>
		<key>98E33D4E1C37E8D10065B590</key>
		<dict>
			<key>fileEncoding</key>
			<string>4</string>
			<key>isa</key>
			<string>PBXFileReference</string>
			<key>lastKnownFileType</key>
			<string>sourcecode.swift</string>
			<key>path</key>
			<string>CropImageView.swift</string>
			<key>sourceTree</key>
			<string>&lt;group&gt;</string>
		</dict>
		<key>98E33D4F1C37E8D10065B590</key>
		<dict>
			<key>fileRef</key>
			<string>98E33D4E1C37E8D10065B590</string>
			<key>isa</key>
			<string>PBXBuildFile</string>
		</dict>
		<key>98E4688C1C6E11AD00AC0E0A</key>
		<dict>
			<key>fileEncoding</key>
			<string>4</string>
			<key>isa</key>
			<string>PBXFileReference</string>
			<key>lastKnownFileType</key>
			<string>sourcecode.swift</string>
			<key>path</key>
			<string>DocumentPageTests.swift</string>
			<key>sourceTree</key>
			<string>&lt;group&gt;</string>
		</dict>
		<key>98E4688D1C6E11AD00AC0E0A</key>
		<dict>
			<key>fileRef</key>
			<string>98E4688C1C6E11AD00AC0E0A</string>
			<key>isa</key>
			<string>PBXBuildFile</string>
		</dict>
		<key>98EB1B4D1C6D29EE00D104A4</key>
		<dict>
			<key>fileRef</key>
			<string>98DBAA131C0799CB007EFFE5</string>
			<key>isa</key>
			<string>PBXBuildFile</string>
		</dict>
		<key>98EB1B501C6D319C00D104A4</key>
		<dict>
			<key>fileEncoding</key>
			<string>4</string>
			<key>isa</key>
			<string>PBXFileReference</string>
			<key>lastKnownFileType</key>
			<string>sourcecode.swift</string>
			<key>path</key>
			<string>DocumentTests.swift</string>
			<key>sourceTree</key>
			<string>&lt;group&gt;</string>
		</dict>
		<key>98EB1B511C6D319C00D104A4</key>
		<dict>
			<key>fileRef</key>
			<string>98EB1B501C6D319C00D104A4</string>
			<key>isa</key>
			<string>PBXBuildFile</string>
		</dict>
		<key>98EB1B521C6D344100D104A4</key>
		<dict>
			<key>isa</key>
			<string>PBXFileReference</string>
			<key>lastKnownFileType</key>
			<string>image.pdf</string>
			<key>path</key>
			<string>test.pdf</string>
			<key>sourceTree</key>
			<string>&lt;group&gt;</string>
		</dict>
		<key>98EB1B531C6D344100D104A4</key>
		<dict>
			<key>fileRef</key>
			<string>98EB1B521C6D344100D104A4</string>
			<key>isa</key>
			<string>PBXBuildFile</string>
		</dict>
		<key>98F2E3E41C1A1ED2008A5C6C</key>
		<dict>
			<key>fileEncoding</key>
			<string>4</string>
			<key>isa</key>
			<string>PBXFileReference</string>
			<key>lastKnownFileType</key>
			<string>sourcecode.swift</string>
			<key>path</key>
			<string>CGPointExtension.swift</string>
			<key>sourceTree</key>
			<string>&lt;group&gt;</string>
		</dict>
		<key>98F2E3E51C1A1ED2008A5C6C</key>
		<dict>
			<key>fileEncoding</key>
			<string>4</string>
			<key>isa</key>
			<string>PBXFileReference</string>
			<key>lastKnownFileType</key>
			<string>sourcecode.swift</string>
			<key>path</key>
			<string>CGSizeExtenstion.swift</string>
			<key>sourceTree</key>
			<string>&lt;group&gt;</string>
		</dict>
		<key>98F2E3E61C1A1ED2008A5C6C</key>
		<dict>
			<key>fileEncoding</key>
			<string>4</string>
			<key>isa</key>
			<string>PBXFileReference</string>
			<key>lastKnownFileType</key>
			<string>sourcecode.swift</string>
			<key>path</key>
			<string>UIStoryboardExtension.swift</string>
			<key>sourceTree</key>
			<string>&lt;group&gt;</string>
		</dict>
		<key>98F2E3E81C1A1ED2008A5C6C</key>
		<dict>
			<key>fileRef</key>
			<string>98F2E3E41C1A1ED2008A5C6C</string>
			<key>isa</key>
			<string>PBXBuildFile</string>
		</dict>
		<key>98F2E3E91C1A1ED2008A5C6C</key>
		<dict>
			<key>fileRef</key>
			<string>98F2E3E51C1A1ED2008A5C6C</string>
			<key>isa</key>
			<string>PBXBuildFile</string>
		</dict>
		<key>98F2E3EA1C1A1ED2008A5C6C</key>
		<dict>
			<key>fileRef</key>
			<string>98F2E3E61C1A1ED2008A5C6C</string>
			<key>isa</key>
			<string>PBXBuildFile</string>
		</dict>
		<key>98F2E3EB1C1A1EE9008A5C6C</key>
		<dict>
			<key>fileEncoding</key>
			<string>4</string>
			<key>isa</key>
			<string>PBXFileReference</string>
			<key>lastKnownFileType</key>
			<string>sourcecode.swift</string>
			<key>path</key>
			<string>MovableView.swift</string>
			<key>sourceTree</key>
			<string>&lt;group&gt;</string>
		</dict>
		<key>98F2E3EC1C1A1EE9008A5C6C</key>
		<dict>
			<key>fileRef</key>
			<string>98F2E3EB1C1A1EE9008A5C6C</string>
			<key>isa</key>
			<string>PBXBuildFile</string>
		</dict>
		<key>98F2E3ED1C1A1EF1008A5C6C</key>
		<dict>
			<key>fileEncoding</key>
			<string>4</string>
			<key>isa</key>
			<string>PBXFileReference</string>
			<key>lastKnownFileType</key>
			<string>sourcecode.swift</string>
			<key>path</key>
			<string>MovableImageView.swift</string>
			<key>sourceTree</key>
			<string>&lt;group&gt;</string>
		</dict>
		<key>98F2E3EE1C1A1EF1008A5C6C</key>
		<dict>
			<key>fileRef</key>
			<string>98F2E3ED1C1A1EF1008A5C6C</string>
			<key>isa</key>
			<string>PBXBuildFile</string>
		</dict>
	</dict>
	<key>rootObject</key>
	<string>98DBA9FE1C0799CB007EFFE5</string>
</dict>
</plist>
